// !$*UTF8*$!
{
	archiveVersion = 1;
	classes = {
	};
	objectVersion = 56;
	objects = {

/* Begin PBXBuildFile section */
		1C6E55432B27116900795563 /* main.cpp in Sources */ = {isa = PBXBuildFile; fileRef = 1C6E55422B27116900795563 /* main.cpp */; };
		1C6E55512B2713B000795563 /* level_01.cpp in Sources */ = {isa = PBXBuildFile; fileRef = 1C6E554F2B2713B000795563 /* level_01.cpp */; };
		1C70C4962B2A26BE002AC23D /* level_02.cpp in Sources */ = {isa = PBXBuildFile; fileRef = 1C70C4942B2A26BE002AC23D /* level_02.cpp */; };
		1CDA2B3D2B2AFD76000A4638 /* level_03.cpp in Sources */ = {isa = PBXBuildFile; fileRef = 1CDA2B3B2B2AFD76000A4638 /* level_03.cpp */; };
		1CDA2B402B2C3595000A4638 /* level_04.cpp in Sources */ = {isa = PBXBuildFile; fileRef = 1CDA2B3E2B2C3595000A4638 /* level_04.cpp */; };
/* End PBXBuildFile section */

/* Begin PBXCopyFilesBuildPhase section */
		1C6E553D2B27116900795563 /* CopyFiles */ = {
			isa = PBXCopyFilesBuildPhase;
			buildActionMask = 2147483647;
			dstPath = /usr/share/man/man1/;
			dstSubfolderSpec = 0;
			files = (
			);
			runOnlyForDeploymentPostprocessing = 1;
		};
/* End PBXCopyFilesBuildPhase section */

/* Begin PBXFileReference section */
		1C6E553F2B27116900795563 /* study-algorithms-cpp */ = {isa = PBXFileReference; explicitFileType = "compiled.mach-o.executable"; includeInIndex = 0; path = "study-algorithms-cpp"; sourceTree = BUILT_PRODUCTS_DIR; };
		1C6E55422B27116900795563 /* main.cpp */ = {isa = PBXFileReference; lastKnownFileType = sourcecode.cpp.cpp; path = main.cpp; sourceTree = "<group>"; };
		1C6E554F2B2713B000795563 /* level_01.cpp */ = {isa = PBXFileReference; lastKnownFileType = sourcecode.cpp.cpp; path = level_01.cpp; sourceTree = "<group>"; };
		1C6E55502B2713B000795563 /* level_01.hpp */ = {isa = PBXFileReference; lastKnownFileType = sourcecode.cpp.h; path = level_01.hpp; sourceTree = "<group>"; };
		1C70C4942B2A26BE002AC23D /* level_02.cpp */ = {isa = PBXFileReference; lastKnownFileType = sourcecode.cpp.cpp; path = level_02.cpp; sourceTree = "<group>"; };
		1C70C4952B2A26BE002AC23D /* level_02.hpp */ = {isa = PBXFileReference; lastKnownFileType = sourcecode.cpp.h; path = level_02.hpp; sourceTree = "<group>"; };
		1CDA2B3B2B2AFD76000A4638 /* level_03.cpp */ = {isa = PBXFileReference; lastKnownFileType = sourcecode.cpp.cpp; path = level_03.cpp; sourceTree = "<group>"; };
		1CDA2B3C2B2AFD76000A4638 /* level_03.hpp */ = {isa = PBXFileReference; lastKnownFileType = sourcecode.cpp.h; path = level_03.hpp; sourceTree = "<group>"; };
		1CDA2B3E2B2C3595000A4638 /* level_04.cpp */ = {isa = PBXFileReference; lastKnownFileType = sourcecode.cpp.cpp; path = level_04.cpp; sourceTree = "<group>"; };
		1CDA2B3F2B2C3595000A4638 /* level_04.hpp */ = {isa = PBXFileReference; lastKnownFileType = sourcecode.cpp.h; path = level_04.hpp; sourceTree = "<group>"; };
/* End PBXFileReference section */

/* Begin PBXFrameworksBuildPhase section */
		1C6E553C2B27116900795563 /* Frameworks */ = {
			isa = PBXFrameworksBuildPhase;
			buildActionMask = 2147483647;
			files = (
			);
			runOnlyForDeploymentPostprocessing = 0;
		};
/* End PBXFrameworksBuildPhase section */

/* Begin PBXGroup section */
		1C6E55362B27116900795563 = {
			isa = PBXGroup;
			children = (
				1C6E55412B27116900795563 /* study-algorithms-cpp */,
				1C6E55402B27116900795563 /* Products */,
			);
			sourceTree = "<group>";
		};
		1C6E55402B27116900795563 /* Products */ = {
			isa = PBXGroup;
			children = (
				1C6E553F2B27116900795563 /* study-algorithms-cpp */,
			);
			name = Products;
			sourceTree = "<group>";
		};
		1C6E55412B27116900795563 /* study-algorithms-cpp */ = {
			isa = PBXGroup;
			children = (
				1C6E554A2B2712FD00795563 /* boj-solve-level */,
				1C6E55422B27116900795563 /* main.cpp */,
			);
			path = "study-algorithms-cpp";
			sourceTree = "<group>";
		};
		1C6E554A2B2712FD00795563 /* boj-solve-level */ = {
			isa = PBXGroup;
			children = (
				1C6E554F2B2713B000795563 /* level_01.cpp */,
				1C6E55502B2713B000795563 /* level_01.hpp */,
				1C70C4942B2A26BE002AC23D /* level_02.cpp */,
				1C70C4952B2A26BE002AC23D /* level_02.hpp */,
				1CDA2B3B2B2AFD76000A4638 /* level_03.cpp */,
				1CDA2B3C2B2AFD76000A4638 /* level_03.hpp */,
				1CDA2B3E2B2C3595000A4638 /* level_04.cpp */,
				1CDA2B3F2B2C3595000A4638 /* level_04.hpp */,
			);
			path = "boj-solve-level";
			sourceTree = "<group>";
		};
/* End PBXGroup section */

/* Begin PBXNativeTarget section */
		1C6E553E2B27116900795563 /* study-algorithms-cpp */ = {
			isa = PBXNativeTarget;
			buildConfigurationList = 1C6E55462B27116900795563 /* Build configuration list for PBXNativeTarget "study-algorithms-cpp" */;
			buildPhases = (
				1C6E553B2B27116900795563 /* Sources */,
				1C6E553C2B27116900795563 /* Frameworks */,
				1C6E553D2B27116900795563 /* CopyFiles */,
			);
			buildRules = (
			);
			dependencies = (
			);
			name = "study-algorithms-cpp";
			productName = "study-algorithms-cpp";
			productReference = 1C6E553F2B27116900795563 /* study-algorithms-cpp */;
			productType = "com.apple.product-type.tool";
		};
/* End PBXNativeTarget section */

/* Begin PBXProject section */
		1C6E55372B27116900795563 /* Project object */ = {
			isa = PBXProject;
			attributes = {
				BuildIndependentTargetsInParallel = 1;
				LastUpgradeCheck = 1500;
				TargetAttributes = {
					1C6E553E2B27116900795563 = {
						CreatedOnToolsVersion = 15.0.1;
					};
				};
			};
			buildConfigurationList = 1C6E553A2B27116900795563 /* Build configuration list for PBXProject "study-algorithms-cpp" */;
			compatibilityVersion = "Xcode 14.0";
			developmentRegion = en;
			hasScannedForEncodings = 0;
			knownRegions = (
				en,
				Base,
			);
			mainGroup = 1C6E55362B27116900795563;
			productRefGroup = 1C6E55402B27116900795563 /* Products */;
			projectDirPath = "";
			projectRoot = "";
			targets = (
				1C6E553E2B27116900795563 /* study-algorithms-cpp */,
			);
		};
/* End PBXProject section */

/* Begin PBXSourcesBuildPhase section */
		1C6E553B2B27116900795563 /* Sources */ = {
			isa = PBXSourcesBuildPhase;
			buildActionMask = 2147483647;
			files = (
				1C6E55432B27116900795563 /* main.cpp in Sources */,
				1C6E55512B2713B000795563 /* level_01.cpp in Sources */,
				1CDA2B402B2C3595000A4638 /* level_04.cpp in Sources */,
				1C70C4962B2A26BE002AC23D /* level_02.cpp in Sources */,
				1CDA2B3D2B2AFD76000A4638 /* level_03.cpp in Sources */,
			);
			runOnlyForDeploymentPostprocessing = 0;
		};
/* End PBXSourcesBuildPhase section */

/* Begin XCBuildConfiguration section */
		1C6E55442B27116900795563 /* Debug */ = {
			isa = XCBuildConfiguration;
			buildSettings = {
				ALWAYS_SEARCH_USER_PATHS = NO;
				ASSETCATALOG_COMPILER_GENERATE_SWIFT_ASSET_SYMBOL_EXTENSIONS = YES;
				CLANG_ANALYZER_NONNULL = YES;
				CLANG_ANALYZER_NUMBER_OBJECT_CONVERSION = YES_AGGRESSIVE;
				CLANG_CXX_LANGUAGE_STANDARD = "gnu++20";
				CLANG_ENABLE_MODULES = YES;
				CLANG_ENABLE_OBJC_ARC = YES;
				CLANG_ENABLE_OBJC_WEAK = YES;
				CLANG_WARN_BLOCK_CAPTURE_AUTORELEASING = YES;
				CLANG_WARN_BOOL_CONVERSION = YES;
				CLANG_WARN_COMMA = YES;
				CLANG_WARN_CONSTANT_CONVERSION = YES;
				CLANG_WARN_DEPRECATED_OBJC_IMPLEMENTATIONS = YES;
				CLANG_WARN_DIRECT_OBJC_ISA_USAGE = YES_ERROR;
				CLANG_WARN_DOCUMENTATION_COMMENTS = YES;
				CLANG_WARN_EMPTY_BODY = YES;
				CLANG_WARN_ENUM_CONVERSION = YES;
				CLANG_WARN_INFINITE_RECURSION = YES;
				CLANG_WARN_INT_CONVERSION = YES;
				CLANG_WARN_NON_LITERAL_NULL_CONVERSION = YES;
				CLANG_WARN_OBJC_IMPLICIT_RETAIN_SELF = YES;
				CLANG_WARN_OBJC_LITERAL_CONVERSION = YES;
				CLANG_WARN_OBJC_ROOT_CLASS = YES_ERROR;
				CLANG_WARN_QUOTED_INCLUDE_IN_FRAMEWORK_HEADER = YES;
				CLANG_WARN_RANGE_LOOP_ANALYSIS = YES;
				CLANG_WARN_STRICT_PROTOTYPES = YES;
				CLANG_WARN_SUSPICIOUS_MOVE = YES;
				CLANG_WARN_UNGUARDED_AVAILABILITY = YES_AGGRESSIVE;
				CLANG_WARN_UNREACHABLE_CODE = YES;
				CLANG_WARN__DUPLICATE_METHOD_MATCH = YES;
				COPY_PHASE_STRIP = NO;
				DEBUG_INFORMATION_FORMAT = dwarf;
				ENABLE_STRICT_OBJC_MSGSEND = YES;
				ENABLE_TESTABILITY = YES;
				ENABLE_USER_SCRIPT_SANDBOXING = YES;
				GCC_C_LANGUAGE_STANDARD = gnu17;
				GCC_DYNAMIC_NO_PIC = NO;
				GCC_NO_COMMON_BLOCKS = YES;
				GCC_OPTIMIZATION_LEVEL = 0;
				GCC_PREPROCESSOR_DEFINITIONS = (
					"DEBUG=1",
					"$(inherited)",
				);
				GCC_WARN_64_TO_32_BIT_CONVERSION = YES;
				GCC_WARN_ABOUT_RETURN_TYPE = YES_ERROR;
				GCC_WARN_UNDECLARED_SELECTOR = YES;
				GCC_WARN_UNINITIALIZED_AUTOS = YES_AGGRESSIVE;
				GCC_WARN_UNUSED_FUNCTION = YES;
				GCC_WARN_UNUSED_VARIABLE = YES;
				LOCALIZATION_PREFERS_STRING_CATALOGS = YES;
				MACOSX_DEPLOYMENT_TARGET = 14.0;
				MTL_ENABLE_DEBUG_INFO = INCLUDE_SOURCE;
				MTL_FAST_MATH = YES;
				ONLY_ACTIVE_ARCH = YES;
				SDKROOT = macosx;
			};
			name = Debug;
		};
		1C6E55452B27116900795563 /* Release */ = {
			isa = XCBuildConfiguration;
			buildSettings = {
				ALWAYS_SEARCH_USER_PATHS = NO;
				ASSETCATALOG_COMPILER_GENERATE_SWIFT_ASSET_SYMBOL_EXTENSIONS = YES;
				CLANG_ANALYZER_NONNULL = YES;
				CLANG_ANALYZER_NUMBER_OBJECT_CONVERSION = YES_AGGRESSIVE;
				CLANG_CXX_LANGUAGE_STANDARD = "gnu++20";
				CLANG_ENABLE_MODULES = YES;
				CLANG_ENABLE_OBJC_ARC = YES;
				CLANG_ENABLE_OBJC_WEAK = YES;
				CLANG_WARN_BLOCK_CAPTURE_AUTORELEASING = YES;
				CLANG_WARN_BOOL_CONVERSION = YES;
				CLANG_WARN_COMMA = YES;
				CLANG_WARN_CONSTANT_CONVERSION = YES;
				CLANG_WARN_DEPRECATED_OBJC_IMPLEMENTATIONS = YES;
				CLANG_WARN_DIRECT_OBJC_ISA_USAGE = YES_ERROR;
				CLANG_WARN_DOCUMENTATION_COMMENTS = YES;
				CLANG_WARN_EMPTY_BODY = YES;
				CLANG_WARN_ENUM_CONVERSION = YES;
				CLANG_WARN_INFINITE_RECURSION = YES;
				CLANG_WARN_INT_CONVERSION = YES;
				CLANG_WARN_NON_LITERAL_NULL_CONVERSION = YES;
				CLANG_WARN_OBJC_IMPLICIT_RETAIN_SELF = YES;
				CLANG_WARN_OBJC_LITERAL_CONVERSION = YES;
				CLANG_WARN_OBJC_ROOT_CLASS = YES_ERROR;
				CLANG_WARN_QUOTED_INCLUDE_IN_FRAMEWORK_HEADER = YES;
				CLANG_WARN_RANGE_LOOP_ANALYSIS = YES;
				CLANG_WARN_STRICT_PROTOTYPES = YES;
				CLANG_WARN_SUSPICIOUS_MOVE = YES;
				CLANG_WARN_UNGUARDED_AVAILABILITY = YES_AGGRESSIVE;
				CLANG_WARN_UNREACHABLE_CODE = YES;
				CLANG_WARN__DUPLICATE_METHOD_MATCH = YES;
				COPY_PHASE_STRIP = NO;
				DEBUG_INFORMATION_FORMAT = "dwarf-with-dsym";
				ENABLE_NS_ASSERTIONS = NO;
				ENABLE_STRICT_OBJC_MSGSEND = YES;
				ENABLE_USER_SCRIPT_SANDBOXING = YES;
				GCC_C_LANGUAGE_STANDARD = gnu17;
				GCC_NO_COMMON_BLOCKS = YES;
				GCC_WARN_64_TO_32_BIT_CONVERSION = YES;
				GCC_WARN_ABOUT_RETURN_TYPE = YES_ERROR;
				GCC_WARN_UNDECLARED_SELECTOR = YES;
				GCC_WARN_UNINITIALIZED_AUTOS = YES_AGGRESSIVE;
				GCC_WARN_UNUSED_FUNCTION = YES;
				GCC_WARN_UNUSED_VARIABLE = YES;
				LOCALIZATION_PREFERS_STRING_CATALOGS = YES;
				MACOSX_DEPLOYMENT_TARGET = 14.0;
				MTL_ENABLE_DEBUG_INFO = NO;
				MTL_FAST_MATH = YES;
				SDKROOT = macosx;
			};
			name = Release;
		};
		1C6E55472B27116900795563 /* Debug */ = {
			isa = XCBuildConfiguration;
			buildSettings = {
				CODE_SIGN_STYLE = Automatic;
				DEVELOPMENT_TEAM = CAJY8SPHJ2;
				ENABLE_HARDENED_RUNTIME = YES;
				PRODUCT_NAME = "$(TARGET_NAME)";
			};
			name = Debug;
		};
		1C6E55482B27116900795563 /* Release */ = {
			isa = XCBuildConfiguration;
			buildSettings = {
				CODE_SIGN_STYLE = Automatic;
				DEVELOPMENT_TEAM = CAJY8SPHJ2;
				ENABLE_HARDENED_RUNTIME = YES;
				PRODUCT_NAME = "$(TARGET_NAME)";
			};
			name = Release;
		};
/* End XCBuildConfiguration section */

/* Begin XCConfigurationList section */
		1C6E553A2B27116900795563 /* Build configuration list for PBXProject "study-algorithms-cpp" */ = {
			isa = XCConfigurationList;
			buildConfigurations = (
				1C6E55442B27116900795563 /* Debug */,
				1C6E55452B27116900795563 /* Release */,
			);
			defaultConfigurationIsVisible = 0;
			defaultConfigurationName = Release;
		};
		1C6E55462B27116900795563 /* Build configuration list for PBXNativeTarget "study-algorithms-cpp" */ = {
			isa = XCConfigurationList;
			buildConfigurations = (
				1C6E55472B27116900795563 /* Debug */,
				1C6E55482B27116900795563 /* Release */,
			);
			defaultConfigurationIsVisible = 0;
			defaultConfigurationName = Release;
		};
/* End XCConfigurationList section */
	};
	rootObject = 1C6E55372B27116900795563 /* Project object */;
}
